PODS:
  - CHTCollectionViewWaterfallLayout (0.9.10):
    - CHTCollectionViewWaterfallLayout/Swift (= 0.9.10)
  - CHTCollectionViewWaterfallLayout/Swift (0.9.10)
  - CocoaLumberjack (3.7.4):
    - CocoaLumberjack/Core (= 3.7.4)
  - CocoaLumberjack/Core (3.7.4)
  - IQKeyboardManager (6.5.10)
  - libwebp (1.2.3):
    - libwebp/demux (= 1.2.3)
    - libwebp/mux (= 1.2.3)
    - libwebp/webp (= 1.2.3)
  - libwebp/demux (1.2.3):
    - libwebp/webp
  - libwebp/mux (1.2.3):
    - libwebp/demux
  - libwebp/webp (1.2.3)
  - MBProgressHUD (1.2.0)
  - MJExtension (3.4.1)
  - MJRefresh (3.7.5)
  - SDWebImage (5.13.2):
    - SDWebImage/Core (= 5.13.2)
  - SDWebImage/Core (5.13.2)
  - SDWebImageWebPCoder (0.9.1):
    - libwebp (~> 1.0)
    - SDWebImage/Core (~> 5.13)
  - TZImagePickerController (3.8.3):
    - TZImagePickerController/Basic (= 3.8.3)
    - TZImagePickerController/Location (= 3.8.3)
  - TZImagePickerController/Basic (3.8.3)
  - TZImagePickerController/Location (3.8.3)
  - WebViewJavascriptBridge (6.0.3)
  - YYImage/Core (1.0.4)
  - YYImage/WebP (1.0.4):
    - YYImage/Core

DEPENDENCIES:
  - CHTCollectionViewWaterfallLayout
  - CocoaLumberjack
  - IQKeyboardManager
  - MBProgressHUD
  - MJExtension
  - MJRefresh
  - SDWebImage
  - SDWebImageWebPCoder
  - TZImagePickerController
  - WebViewJavascriptBridge
  - YYImage/WebP

SPEC REPOS:
  trunk:
    - CHTCollectionViewWaterfallLayout
    - CocoaLumberjack
    - IQKeyboardManager
    - libwebp
    - MBProgressHUD
    - MJExtension
    - MJRefresh
    - SDWebImage
    - SDWebImageWebPCoder
    - TZImagePickerController
    - WebViewJavascriptBridge
    - YYImage

SPEC CHECKSUMS:
  CHTCollectionViewWaterfallLayout: b989a459788d7657ac010e03bc0f7eedca95a420
  CocoaLumberjack: 543c79c114dadc3b1aba95641d8738b06b05b646
  IQKeyboardManager: 45a1fa55c1a5b02c61ac0fd7fd5b62bb4ad20d97
  libwebp: 60305b2e989864154bd9be3d772730f08fc6a59c
  MBProgressHUD: 3ee5efcc380f6a79a7cc9b363dd669c5e1ae7406
  MJExtension: 21c5f6f8c4d5d8844b7ae8fbae08fed0b501f961
  MJRefresh: fdf5e979eb406a0341468932d1dfc8b7f9fce961
  SDWebImage: 72f86271a6f3139cc7e4a89220946489d4b9a866
  SDWebImageWebPCoder: 18503de6621dd2c420d680e33d46bf8e1d5169b0
  TZImagePickerController: e9909edbadf7381140efc5b5c9f5bdbfd630f7d4
  WebViewJavascriptBridge: 7f5bc4d3581e672e8f32bd0f812d54bc69bb8e29
  YYImage: 1e1b62a9997399593e4b9c4ecfbbabbf1d3f3b54

PODFILE CHECKSUM: 2ec9000d70a94ef5daa5faf425f76c793a153aad

COCOAPODS: 1.11.3
